
Microsoft Visual Studio Solution File, Format Version 12.00
# Visual Studio Version 16
VisualStudioVersion = 25.0.1705.4
MinimumVisualStudioVersion = 10.0.40219.1
Project("{FAE04EC0-301F-11D3-BF4B-00C04F79EFBC}") = "Assign1", "proj1\Assign1.csproj", "{BE31FA44-FA29-47CF-A121-A4D98EEED077}"
EndProject
Global
	GlobalSection(SolutionConfigurationPlatforms) = preSolution
		Debug|Any CPU = Debug|Any CPU
		Release|Any CPU = Release|Any CPU
	EndGlobalSection
	GlobalSection(ProjectConfigurationPlatforms) = postSolution
		{BE31FA44-FA29-47CF-A121-A4D98EEED077}.Debug|Any CPU.ActiveCfg = Debug|Any CPU
		{BE31FA44-FA29-47CF-A121-A4D98EEED077}.Debug|Any CPU.Build.0 = Debug|Any CPU
		{BE31FA44-FA29-47CF-A121-A4D98EEED077}.Release|Any CPU.ActiveCfg = Release|Any CPU
		{BE31FA44-FA29-47CF-A121-A4D98EEED077}.Release|Any CPU.Build.0 = Release|Any CPU
	EndGlobalSection
	GlobalSection(SolutionProperties) = preSolution
		HideSolutionNode = FALSE
	EndGlobalSection
	GlobalSection(ExtensibilityGlobals) = postSolution
		SolutionGuid = {70CF15BC-079A-4BE3-B46A-451AC60983AB}
	EndGlobalSection
EndGlobal
